<?xml version="1.0" encoding="utf-8"?>
<Project ToolsVersion="4.0" xmlns="http://schemas.microsoft.com/developer/msbuild/2003">
  <ItemGroup>
    <Filter Include="Source Files">
      <UniqueIdentifier>{4FC737F1-C7A5-4376-A066-2A32D752A2FF}</UniqueIdentifier>
      <Extensions>cpp;c;cc;cxx;def;odl;idl;hpj;bat;asm;asmx</Extensions>
    </Filter>
    <Filter Include="Header Files">
      <UniqueIdentifier>{93995380-89BD-4b04-88EB-625FBE52EBFB}</UniqueIdentifier>
      <Extensions>h;hh;hpp;hxx;hm;inl;inc;xsd</Extensions>
    </Filter>
    <Filter Include="Resource Files">
      <UniqueIdentifier>{67DA6AB6-F800-4c08-8B7A-83BB121AAD01}</UniqueIdentifier>
      <Extensions>rc;ico;cur;bmp;dlg;rc2;rct;bin;rgs;gif;jpg;jpeg;jpe;resx;tiff;tif;png;wav;mfcribbon-ms</Extensions>
    </Filter>
    <Filter Include="Porting">
      <UniqueIdentifier>{797ad765-da79-4cd6-a7a8-5650f2b10f46}</UniqueIdentifier>
    </Filter>
    <Filter Include="Porting\Windows">
      <UniqueIdentifier>{4b31dfbf-1354-4d63-a59c-b3e0273f2019}</UniqueIdentifier>
    </Filter>
  </ItemGroup>
  <ItemGroup>
    <ClCompile Include="main.cpp">
      <Filter>Source Files</Filter>
    </ClCompile>
    <ClCompile Include="GfwObject.cpp">
      <Filter>Source Files</Filter>
    </ClCompile>
    <ClCompile Include="GfwWindow.cpp">
      <Filter>Source Files</Filter>
    </ClCompile>
    <ClCompile Include="GfwString.cpp">
      <Filter>Source Files</Filter>
    </ClCompile>
    <ClCompile Include="GfwApp.cpp">
      <Filter>Source Files</Filter>
    </ClCompile>
    <ClCompile Include="Vec3.cpp">
      <Filter>Source Files</Filter>
    </ClCompile>
    <ClCompile Include="Mat4.cpp">
      <Filter>Source Files</Filter>
    </ClCompile>
    <ClCompile Include="GfwPorting\Windows\GfwWindowWin32.cpp">
      <Filter>Porting\Windows</Filter>
    </ClCompile>
    <ClCompile Include="GfwPorting\GfwWindowPortable.cpp">
      <Filter>Porting</Filter>
    </ClCompile>
  </ItemGroup>
  <ItemGroup>
    <ClInclude Include="GfwWindow.h">
      <Filter>Header Files</Filter>
    </ClInclude>
    <ClInclude Include="GfwObject.h">
      <Filter>Header Files</Filter>
    </ClInclude>
    <ClInclude Include="GfwString.h">
      <Filter>Header Files</Filter>
    </ClInclude>
    <ClInclude Include="Common.h">
      <Filter>Header Files</Filter>
    </ClInclude>
    <ClInclude Include="GfwApp.h">
      <Filter>Header Files</Filter>
    </ClInclude>
    <ClInclude Include="GfwVersions.h">
      <Filter>Header Files</Filter>
    </ClInclude>
    <ClInclude Include="Vec3.h">
      <Filter>Header Files</Filter>
    </ClInclude>
    <ClInclude Include="Mat4.h">
      <Filter>Header Files</Filter>
    </ClInclude>
    <ClInclude Include="GfwWindowEvents.h">
      <Filter>Header Files</Filter>
    </ClInclude>
    <ClInclude Include="GfwShader.h">
      <Filter>Header Files</Filter>
    </ClInclude>
    <ClInclude Include="GfwPorting\Windows\GfwWindowWin32.h">
      <Filter>Porting\Windows</Filter>
    </ClInclude>
    <ClInclude Include="OperatingSystem.h">
      <Filter>Header Files</Filter>
    </ClInclude>
    <ClInclude Include="GfwPorting\Def.h">
      <Filter>Porting</Filter>
    </ClInclude>
    <ClInclude Include="GfwPorting\GfwWindowPortable.h">
      <Filter>Porting</Filter>
    </ClInclude>
  </ItemGroup>
</Project>